
Microsoft Visual Studio Solution File, Format Version 12.00
# Visual Studio Version 16
VisualStudioVersion = 16.0.31702.278
MinimumVisualStudioVersion = 10.0.40219.1
Project("{FAE04EC0-301F-11D3-BF4B-00C04F79EFBC}") = "RedisApp", "RedisApp.csproj", "{B1607CEA-2D12-4FC8-91B3-BF18E8A4EA21}"
EndProject
Global
	GlobalSection(SolutionConfigurationPlatforms) = preSolution
		Debug|Any CPU = Debug|Any CPU
		Release|Any CPU = Release|Any CPU
	EndGlobalSection
	GlobalSection(ProjectConfigurationPlatforms) = postSolution
		{B1607CEA-2D12-4FC8-91B3-BF18E8A4EA21}.Debug|Any CPU.ActiveCfg = Debug|Any CPU
		{B1607CEA-2D12-4FC8-91B3-BF18E8A4EA21}.Debug|Any CPU.Build.0 = Debug|Any CPU
		{B1607CEA-2D12-4FC8-91B3-BF18E8A4EA21}.Release|Any CPU.ActiveCfg = Release|Any CPU
		{B1607CEA-2D12-4FC8-91B3-BF18E8A4EA21}.Release|Any CPU.Build.0 = Release|Any CPU
	EndGlobalSection
	GlobalSection(SolutionProperties) = preSolution
		HideSolutionNode = FALSE
	EndGlobalSection
	GlobalSection(ExtensibilityGlobals) = postSolution
		SolutionGuid = {4AE8A003-FF88-4F44-80C5-F21B874593CB}
	EndGlobalSection
EndGlobal
